
Microsoft Visual Studio Solution File, Format Version 12.00
# Visual Studio Version 16
VisualStudioVersion = 16.0.30309.148
MinimumVisualStudioVersion = 10.0.40219.1
Project("{9A19103F-16F7-4668-BE54-9A1E7A4F7556}") = "FergusonUPSIntegration.Tracking", "FergusonUPSIntegration.Tracking\FergusonUPSIntegration.Tracking.csproj", "{64445D34-6D13-4EC7-8D05-F43A4B21CDBA}"
EndProject
Project("{9A19103F-16F7-4668-BE54-9A1E7A4F7556}") = "FergusonUPSIntegration.Core", "FergusonUPSIntegration.Core\FergusonUPSIntegration.Core.csproj", "{5C2F884E-788A-48C0-9D2F-B775CD9377A2}"
EndProject
Project("{9A19103F-16F7-4668-BE54-9A1E7A4F7556}") = "TeamsHelper", "TeamsHelper\TeamsHelper.csproj", "{CFD989F0-46E8-4A89-AB21-1ABB367C508C}"
EndProject
Project("{9A19103F-16F7-4668-BE54-9A1E7A4F7556}") = "FergusonUPSIntegration.Test", "FergusonUPSIntegration.Test\FergusonUPSIntegration.Test.csproj", "{DB6B0F74-3A1D-4139-B2D0-3C030E409691}"
EndProject
Project("{FAE04EC0-301F-11D3-BF4B-00C04F79EFBC}") = "FergusonUPSIntegration.Rating", "FergusonUPSIntegration.Rating\FergusonUPSIntegration.Rating.csproj", "{9295926A-21C0-4A5B-B154-2915D4A48639}"
EndProject
Global
	GlobalSection(SolutionConfigurationPlatforms) = preSolution
		Debug|Any CPU = Debug|Any CPU
		Release|Any CPU = Release|Any CPU
	EndGlobalSection
	GlobalSection(ProjectConfigurationPlatforms) = postSolution
		{64445D34-6D13-4EC7-8D05-F43A4B21CDBA}.Debug|Any CPU.ActiveCfg = Debug|Any CPU
		{64445D34-6D13-4EC7-8D05-F43A4B21CDBA}.Debug|Any CPU.Build.0 = Debug|Any CPU
		{64445D34-6D13-4EC7-8D05-F43A4B21CDBA}.Release|Any CPU.ActiveCfg = Release|Any CPU
		{64445D34-6D13-4EC7-8D05-F43A4B21CDBA}.Release|Any CPU.Build.0 = Release|Any CPU
		{5C2F884E-788A-48C0-9D2F-B775CD9377A2}.Debug|Any CPU.ActiveCfg = Debug|Any CPU
		{5C2F884E-788A-48C0-9D2F-B775CD9377A2}.Debug|Any CPU.Build.0 = Debug|Any CPU
		{5C2F884E-788A-48C0-9D2F-B775CD9377A2}.Release|Any CPU.ActiveCfg = Release|Any CPU
		{5C2F884E-788A-48C0-9D2F-B775CD9377A2}.Release|Any CPU.Build.0 = Release|Any CPU
		{CFD989F0-46E8-4A89-AB21-1ABB367C508C}.Debug|Any CPU.ActiveCfg = Debug|Any CPU
		{CFD989F0-46E8-4A89-AB21-1ABB367C508C}.Debug|Any CPU.Build.0 = Debug|Any CPU
		{CFD989F0-46E8-4A89-AB21-1ABB367C508C}.Release|Any CPU.ActiveCfg = Release|Any CPU
		{CFD989F0-46E8-4A89-AB21-1ABB367C508C}.Release|Any CPU.Build.0 = Release|Any CPU
		{DB6B0F74-3A1D-4139-B2D0-3C030E409691}.Debug|Any CPU.ActiveCfg = Debug|Any CPU
		{DB6B0F74-3A1D-4139-B2D0-3C030E409691}.Debug|Any CPU.Build.0 = Debug|Any CPU
		{DB6B0F74-3A1D-4139-B2D0-3C030E409691}.Release|Any CPU.ActiveCfg = Release|Any CPU
		{DB6B0F74-3A1D-4139-B2D0-3C030E409691}.Release|Any CPU.Build.0 = Release|Any CPU
		{9295926A-21C0-4A5B-B154-2915D4A48639}.Debug|Any CPU.ActiveCfg = Debug|Any CPU
		{9295926A-21C0-4A5B-B154-2915D4A48639}.Debug|Any CPU.Build.0 = Debug|Any CPU
		{9295926A-21C0-4A5B-B154-2915D4A48639}.Release|Any CPU.ActiveCfg = Release|Any CPU
		{9295926A-21C0-4A5B-B154-2915D4A48639}.Release|Any CPU.Build.0 = Release|Any CPU
	EndGlobalSection
	GlobalSection(SolutionProperties) = preSolution
		HideSolutionNode = FALSE
	EndGlobalSection
	GlobalSection(ExtensibilityGlobals) = postSolution
		SolutionGuid = {ED4D96AD-60E4-40CE-8620-8FA62B088AD4}
	EndGlobalSection
EndGlobal
